
Microsoft Visual Studio Solution File, Format Version 12.00
# Visual Studio Version 17
VisualStudioVersion = 17.2.32630.192
MinimumVisualStudioVersion = 10.0.40219.1
Project("{FAE04EC0-301F-11D3-BF4B-00C04F79EFBC}") = "Aeroporto_OnTheFly", "Aeroporto_OnTheFly\Aeroporto_OnTheFly.csproj", "{9EFB55E5-84CD-4353-92A7-CF4F7F883E32}"
EndProject
Global
	GlobalSection(SolutionConfigurationPlatforms) = preSolution
		Debug|Any CPU = Debug|Any CPU
		Release|Any CPU = Release|Any CPU
	EndGlobalSection
	GlobalSection(ProjectConfigurationPlatforms) = postSolution
		{9EFB55E5-84CD-4353-92A7-CF4F7F883E32}.Debug|Any CPU.ActiveCfg = Debug|Any CPU
		{9EFB55E5-84CD-4353-92A7-CF4F7F883E32}.Debug|Any CPU.Build.0 = Debug|Any CPU
		{9EFB55E5-84CD-4353-92A7-CF4F7F883E32}.Release|Any CPU.ActiveCfg = Release|Any CPU
		{9EFB55E5-84CD-4353-92A7-CF4F7F883E32}.Release|Any CPU.Build.0 = Release|Any CPU
	EndGlobalSection
	GlobalSection(SolutionProperties) = preSolution
		HideSolutionNode = FALSE
	EndGlobalSection
	GlobalSection(ExtensibilityGlobals) = postSolution
		SolutionGuid = {EE58EE96-F728-4448-B586-0133261C3A4C}
	EndGlobalSection
EndGlobal
